# This file is automatically @generated by Cargo.
# It is not intended for manual editing.
version = 4

[[package]]
name = "noctalia-audio"
version = "0.1.0"

[[package]]
name = "noctalia-calendar"
version = "0.1.0"

[[package]]
name = "noctalia-compositors"
version = "0.1.0"

[[package]]
name = "noctalia-config"
version = "0.1.0"

[[package]]
name = "noctalia-core"
version = "0.1.0"

[[package]]
name = "noctalia-dbus"
version = "0.1.0"

[[package]]
name = "noctalia-ipc"
version = "0.1.0"

[[package]]
name = "noctalia-net"
version = "0.1.0"

[[package]]
name = "noctalia-qalc-sys"
version = "0.1.0"

[[package]]
name = "noctalia-render"
version = "0.1.0"

[[package]]
name = "noctalia-shell"
version = "0.1.0"

[[package]]
name = "noctalia-system"
version = "0.1.0"

[[package]]
name = "noctalia-theme"
version = "0.1.0"

[[package]]
name = "noctalia-ui"
version = "0.1.0"

[[package]]
name = "noctalia-wayland"
version = "0.1.0"
